
Microsoft Visual Studio Solution File, Format Version 12.00
# Visual Studio Version 17
VisualStudioVersion = 17.1.32328.378
MinimumVisualStudioVersion = 10.0.40219.1
Project("{FAE04EC0-301F-11D3-BF4B-00C04F79EFBC}") = "ekolayzer", "ekolayzer\ekolayzer.csproj", "{5B87D04C-A1F3-401C-9AE3-3DD03A1B95E1}"
EndProject
Global
	GlobalSection(SolutionConfigurationPlatforms) = preSolution
		Debug|Any CPU = Debug|Any CPU
		Release|Any CPU = Release|Any CPU
	EndGlobalSection
	GlobalSection(ProjectConfigurationPlatforms) = postSolution
		{5B87D04C-A1F3-401C-9AE3-3DD03A1B95E1}.Debug|Any CPU.ActiveCfg = Debug|Any CPU
		{5B87D04C-A1F3-401C-9AE3-3DD03A1B95E1}.Debug|Any CPU.Build.0 = Debug|Any CPU
		{5B87D04C-A1F3-401C-9AE3-3DD03A1B95E1}.Release|Any CPU.ActiveCfg = Release|Any CPU
		{5B87D04C-A1F3-401C-9AE3-3DD03A1B95E1}.Release|Any CPU.Build.0 = Release|Any CPU
	EndGlobalSection
	GlobalSection(SolutionProperties) = preSolution
		HideSolutionNode = FALSE
	EndGlobalSection
	GlobalSection(ExtensibilityGlobals) = postSolution
		SolutionGuid = {BCC4B2D0-6A20-43DB-A259-12C785EFA08E}
	EndGlobalSection
EndGlobal
